
Microsoft Visual Studio Solution File, Format Version 12.00
# Visual Studio 2012
VisualStudioVersion = 12.0.30723.0
MinimumVisualStudioVersion = 10.0.40219.1
Project("{FAE04EC0-301F-11D3-BF4B-00C04F79EFBC}") = "Mvx.Geocoder", "Mvx.Geocoder\Mvx.Geocoder.csproj", "{8B2B460C-7F28-43C7-A017-A9C17A47FFDC}"
EndProject
Project("{FAE04EC0-301F-11D3-BF4B-00C04F79EFBC}") = "Mvx.Geocoder.iOS", "Mvx.Geocoder.Touch\Mvx.Geocoder.iOS.csproj", "{9F0CEBBB-FD18-47DB-95EE-D87A5689F2D8}"
EndProject
Project("{FAE04EC0-301F-11D3-BF4B-00C04F79EFBC}") = "Mvx.Geocoder.Droid", "Mvx.Geocoder.Droid\Mvx.Geocoder.Droid.csproj", "{62F3258C-1E53-4510-BF27-E3AA0D355F2E}"
EndProject
Project("{FAE04EC0-301F-11D3-BF4B-00C04F79EFBC}") = "Mvx.Geocoder.WindowsPhone", "Mvx.Geocoder.WindowsPhone\Mvx.Geocoder.WindowsPhone.csproj", "{55063605-809A-4E0D-82A5-754F2ECAB9AD}"
EndProject
Project("{2150E333-8FDC-42A3-9474-1A3956D46DE8}") = "nuspec", "nuspec", "{68BE70A5-FFAE-4CE0-9318-CC87F4121119}"
	ProjectSection(SolutionItems) = preProject
		nuspec\Mvx.Plugins.Geocoder.nuspec = nuspec\Mvx.Plugins.Geocoder.nuspec
		nuspec\pack.sh = nuspec\pack.sh
		nuspec\push.sh = nuspec\push.sh
	EndProjectSection
EndProject
Project("{2150E333-8FDC-42A3-9474-1A3956D46DE8}") = "BootstrapContent", "BootstrapContent", "{E5D6699C-D0E2-4D0C-86F5-AD0CD995FF9D}"
	ProjectSection(SolutionItems) = preProject
		nuspec\BootstrapContent\GeocoderPluginBootstrap.cs.pp = nuspec\BootstrapContent\GeocoderPluginBootstrap.cs.pp
	EndProjectSection
EndProject
Project("{2150E333-8FDC-42A3-9474-1A3956D46DE8}") = "TouchBootstrapContent", "TouchBootstrapContent", "{5C39F976-E622-4062-8DC4-2D7760D461DF}"
	ProjectSection(SolutionItems) = preProject
		nuspec\TouchBootstrapContent\GeocoderPluginBootstrap.cs.pp = nuspec\TouchBootstrapContent\GeocoderPluginBootstrap.cs.pp
	EndProjectSection
EndProject
Project("{FAE04EC0-301F-11D3-BF4B-00C04F79EFBC}") = "Mvx.Geocoder.Sample.Touch", "Mvx.Geocoder.Sample.Touch\Mvx.Geocoder.Sample.Touch.csproj", "{2CE3BFD7-B823-43FC-B417-63F5334417A1}"
EndProject
Project("{FAE04EC0-301F-11D3-BF4B-00C04F79EFBC}") = "Mvx.Geocoder.Sample.Core", "Mvx.Geocoder.Sample.Core\Mvx.Geocoder.Sample.Core.csproj", "{29E5FA89-93B0-430D-A6DD-5E1CD4C3A13D}"
EndProject
Global
	GlobalSection(SolutionConfigurationPlatforms) = preSolution
		Debug|Any CPU = Debug|Any CPU
		Debug|ARM = Debug|ARM
		Debug|Mixed Platforms = Debug|Mixed Platforms
		Debug|x86 = Debug|x86
		Release|Any CPU = Release|Any CPU
		Release|ARM = Release|ARM
		Release|Mixed Platforms = Release|Mixed Platforms
		Release|x86 = Release|x86
		Debug|iPhoneSimulator = Debug|iPhoneSimulator
		Release|iPhoneSimulator = Release|iPhoneSimulator
		Debug|iPhone = Debug|iPhone
		Release|iPhone = Release|iPhone
		Ad-Hoc|iPhone = Ad-Hoc|iPhone
		AppStore|iPhone = AppStore|iPhone
	EndGlobalSection
	GlobalSection(ProjectConfigurationPlatforms) = postSolution
		{29E5FA89-93B0-430D-A6DD-5E1CD4C3A13D}.Ad-Hoc|iPhone.ActiveCfg = Debug|Any CPU
		{29E5FA89-93B0-430D-A6DD-5E1CD4C3A13D}.Ad-Hoc|iPhone.Build.0 = Debug|Any CPU
		{29E5FA89-93B0-430D-A6DD-5E1CD4C3A13D}.AppStore|iPhone.ActiveCfg = Debug|Any CPU
		{29E5FA89-93B0-430D-A6DD-5E1CD4C3A13D}.AppStore|iPhone.Build.0 = Debug|Any CPU
		{29E5FA89-93B0-430D-A6DD-5E1CD4C3A13D}.Debug|Any CPU.ActiveCfg = Debug|Any CPU
		{29E5FA89-93B0-430D-A6DD-5E1CD4C3A13D}.Debug|Any CPU.Build.0 = Debug|Any CPU
		{29E5FA89-93B0-430D-A6DD-5E1CD4C3A13D}.Debug|ARM.ActiveCfg = Debug|Any CPU
		{29E5FA89-93B0-430D-A6DD-5E1CD4C3A13D}.Debug|ARM.Build.0 = Debug|Any CPU
		{29E5FA89-93B0-430D-A6DD-5E1CD4C3A13D}.Debug|iPhone.ActiveCfg = Debug|Any CPU
		{29E5FA89-93B0-430D-A6DD-5E1CD4C3A13D}.Debug|iPhone.Build.0 = Debug|Any CPU
		{29E5FA89-93B0-430D-A6DD-5E1CD4C3A13D}.Debug|iPhoneSimulator.ActiveCfg = Debug|Any CPU
		{29E5FA89-93B0-430D-A6DD-5E1CD4C3A13D}.Debug|iPhoneSimulator.Build.0 = Debug|Any CPU
		{29E5FA89-93B0-430D-A6DD-5E1CD4C3A13D}.Debug|Mixed Platforms.ActiveCfg = Debug|Any CPU
		{29E5FA89-93B0-430D-A6DD-5E1CD4C3A13D}.Debug|Mixed Platforms.Build.0 = Debug|Any CPU
		{29E5FA89-93B0-430D-A6DD-5E1CD4C3A13D}.Debug|x86.ActiveCfg = Debug|Any CPU
		{29E5FA89-93B0-430D-A6DD-5E1CD4C3A13D}.Debug|x86.Build.0 = Debug|Any CPU
		{29E5FA89-93B0-430D-A6DD-5E1CD4C3A13D}.Release|Any CPU.ActiveCfg = Release|Any CPU
		{29E5FA89-93B0-430D-A6DD-5E1CD4C3A13D}.Release|Any CPU.Build.0 = Release|Any CPU
		{29E5FA89-93B0-430D-A6DD-5E1CD4C3A13D}.Release|ARM.ActiveCfg = Release|Any CPU
		{29E5FA89-93B0-430D-A6DD-5E1CD4C3A13D}.Release|ARM.Build.0 = Release|Any CPU
		{29E5FA89-93B0-430D-A6DD-5E1CD4C3A13D}.Release|iPhone.ActiveCfg = Release|Any CPU
		{29E5FA89-93B0-430D-A6DD-5E1CD4C3A13D}.Release|iPhone.Build.0 = Release|Any CPU
		{29E5FA89-93B0-430D-A6DD-5E1CD4C3A13D}.Release|iPhoneSimulator.ActiveCfg = Release|Any CPU
		{29E5FA89-93B0-430D-A6DD-5E1CD4C3A13D}.Release|iPhoneSimulator.Build.0 = Release|Any CPU
		{29E5FA89-93B0-430D-A6DD-5E1CD4C3A13D}.Release|Mixed Platforms.ActiveCfg = Release|Any CPU
		{29E5FA89-93B0-430D-A6DD-5E1CD4C3A13D}.Release|Mixed Platforms.Build.0 = Release|Any CPU
		{29E5FA89-93B0-430D-A6DD-5E1CD4C3A13D}.Release|x86.ActiveCfg = Release|Any CPU
		{29E5FA89-93B0-430D-A6DD-5E1CD4C3A13D}.Release|x86.Build.0 = Release|Any CPU
		{2CE3BFD7-B823-43FC-B417-63F5334417A1}.Ad-Hoc|iPhone.ActiveCfg = Ad-Hoc|iPhone
		{2CE3BFD7-B823-43FC-B417-63F5334417A1}.Ad-Hoc|iPhone.Build.0 = Ad-Hoc|iPhone
		{2CE3BFD7-B823-43FC-B417-63F5334417A1}.AppStore|iPhone.ActiveCfg = AppStore|iPhone
		{2CE3BFD7-B823-43FC-B417-63F5334417A1}.AppStore|iPhone.Build.0 = AppStore|iPhone
		{2CE3BFD7-B823-43FC-B417-63F5334417A1}.Debug|Any CPU.ActiveCfg = Debug|iPhoneSimulator
		{2CE3BFD7-B823-43FC-B417-63F5334417A1}.Debug|Any CPU.Build.0 = Debug|iPhoneSimulator
		{2CE3BFD7-B823-43FC-B417-63F5334417A1}.Debug|ARM.ActiveCfg = Debug|iPhoneSimulator
		{2CE3BFD7-B823-43FC-B417-63F5334417A1}.Debug|ARM.Build.0 = Debug|iPhoneSimulator
		{2CE3BFD7-B823-43FC-B417-63F5334417A1}.Debug|iPhone.ActiveCfg = Debug|iPhone
		{2CE3BFD7-B823-43FC-B417-63F5334417A1}.Debug|iPhone.Build.0 = Debug|iPhone
		{2CE3BFD7-B823-43FC-B417-63F5334417A1}.Debug|iPhoneSimulator.ActiveCfg = Debug|iPhoneSimulator
		{2CE3BFD7-B823-43FC-B417-63F5334417A1}.Debug|iPhoneSimulator.Build.0 = Debug|iPhoneSimulator
		{2CE3BFD7-B823-43FC-B417-63F5334417A1}.Debug|Mixed Platforms.ActiveCfg = Debug|iPhoneSimulator
		{2CE3BFD7-B823-43FC-B417-63F5334417A1}.Debug|Mixed Platforms.Build.0 = Debug|iPhoneSimulator
		{2CE3BFD7-B823-43FC-B417-63F5334417A1}.Debug|x86.ActiveCfg = Debug|iPhoneSimulator
		{2CE3BFD7-B823-43FC-B417-63F5334417A1}.Debug|x86.Build.0 = Debug|iPhoneSimulator
		{2CE3BFD7-B823-43FC-B417-63F5334417A1}.Release|Any CPU.ActiveCfg = Release|iPhoneSimulator
		{2CE3BFD7-B823-43FC-B417-63F5334417A1}.Release|Any CPU.Build.0 = Release|iPhoneSimulator
		{2CE3BFD7-B823-43FC-B417-63F5334417A1}.Release|ARM.ActiveCfg = Release|iPhoneSimulator
		{2CE3BFD7-B823-43FC-B417-63F5334417A1}.Release|ARM.Build.0 = Release|iPhoneSimulator
		{2CE3BFD7-B823-43FC-B417-63F5334417A1}.Release|iPhone.ActiveCfg = Release|iPhone
		{2CE3BFD7-B823-43FC-B417-63F5334417A1}.Release|iPhone.Build.0 = Release|iPhone
		{2CE3BFD7-B823-43FC-B417-63F5334417A1}.Release|iPhoneSimulator.ActiveCfg = Release|iPhoneSimulator
		{2CE3BFD7-B823-43FC-B417-63F5334417A1}.Release|iPhoneSimulator.Build.0 = Release|iPhoneSimulator
		{2CE3BFD7-B823-43FC-B417-63F5334417A1}.Release|Mixed Platforms.ActiveCfg = Release|iPhoneSimulator
		{2CE3BFD7-B823-43FC-B417-63F5334417A1}.Release|Mixed Platforms.Build.0 = Release|iPhoneSimulator
		{2CE3BFD7-B823-43FC-B417-63F5334417A1}.Release|x86.ActiveCfg = Release|iPhoneSimulator
		{2CE3BFD7-B823-43FC-B417-63F5334417A1}.Release|x86.Build.0 = Release|iPhoneSimulator
		{55063605-809A-4E0D-82A5-754F2ECAB9AD}.Ad-Hoc|iPhone.ActiveCfg = Debug|Any CPU
		{55063605-809A-4E0D-82A5-754F2ECAB9AD}.Ad-Hoc|iPhone.Build.0 = Debug|Any CPU
		{55063605-809A-4E0D-82A5-754F2ECAB9AD}.AppStore|iPhone.ActiveCfg = Debug|Any CPU
		{55063605-809A-4E0D-82A5-754F2ECAB9AD}.AppStore|iPhone.Build.0 = Debug|Any CPU
		{55063605-809A-4E0D-82A5-754F2ECAB9AD}.Debug|Any CPU.ActiveCfg = Debug|Any CPU
		{55063605-809A-4E0D-82A5-754F2ECAB9AD}.Debug|Any CPU.Build.0 = Debug|Any CPU
		{55063605-809A-4E0D-82A5-754F2ECAB9AD}.Debug|ARM.ActiveCfg = Debug|ARM
		{55063605-809A-4E0D-82A5-754F2ECAB9AD}.Debug|ARM.Build.0 = Debug|ARM
		{55063605-809A-4E0D-82A5-754F2ECAB9AD}.Debug|iPhone.ActiveCfg = Debug|Any CPU
		{55063605-809A-4E0D-82A5-754F2ECAB9AD}.Debug|iPhone.Build.0 = Debug|Any CPU
		{55063605-809A-4E0D-82A5-754F2ECAB9AD}.Debug|iPhoneSimulator.ActiveCfg = Debug|Any CPU
		{55063605-809A-4E0D-82A5-754F2ECAB9AD}.Debug|iPhoneSimulator.Build.0 = Debug|Any CPU
		{55063605-809A-4E0D-82A5-754F2ECAB9AD}.Debug|Mixed Platforms.ActiveCfg = Debug|x86
		{55063605-809A-4E0D-82A5-754F2ECAB9AD}.Debug|Mixed Platforms.Build.0 = Debug|x86
		{55063605-809A-4E0D-82A5-754F2ECAB9AD}.Debug|x86.ActiveCfg = Debug|x86
		{55063605-809A-4E0D-82A5-754F2ECAB9AD}.Debug|x86.Build.0 = Debug|x86
		{55063605-809A-4E0D-82A5-754F2ECAB9AD}.Release|Any CPU.ActiveCfg = Release|Any CPU
		{55063605-809A-4E0D-82A5-754F2ECAB9AD}.Release|Any CPU.Build.0 = Release|Any CPU
		{55063605-809A-4E0D-82A5-754F2ECAB9AD}.Release|ARM.ActiveCfg = Release|ARM
		{55063605-809A-4E0D-82A5-754F2ECAB9AD}.Release|ARM.Build.0 = Release|ARM
		{55063605-809A-4E0D-82A5-754F2ECAB9AD}.Release|iPhone.ActiveCfg = Release|Any CPU
		{55063605-809A-4E0D-82A5-754F2ECAB9AD}.Release|iPhone.Build.0 = Release|Any CPU
		{55063605-809A-4E0D-82A5-754F2ECAB9AD}.Release|iPhoneSimulator.ActiveCfg = Release|Any CPU
		{55063605-809A-4E0D-82A5-754F2ECAB9AD}.Release|iPhoneSimulator.Build.0 = Release|Any CPU
		{55063605-809A-4E0D-82A5-754F2ECAB9AD}.Release|Mixed Platforms.ActiveCfg = Release|Any CPU
		{55063605-809A-4E0D-82A5-754F2ECAB9AD}.Release|Mixed Platforms.Build.0 = Release|Any CPU
		{55063605-809A-4E0D-82A5-754F2ECAB9AD}.Release|x86.ActiveCfg = Release|x86
		{55063605-809A-4E0D-82A5-754F2ECAB9AD}.Release|x86.Build.0 = Release|x86
		{62F3258C-1E53-4510-BF27-E3AA0D355F2E}.Ad-Hoc|iPhone.ActiveCfg = Debug|Any CPU
		{62F3258C-1E53-4510-BF27-E3AA0D355F2E}.Ad-Hoc|iPhone.Build.0 = Debug|Any CPU
		{62F3258C-1E53-4510-BF27-E3AA0D355F2E}.AppStore|iPhone.ActiveCfg = Debug|Any CPU
		{62F3258C-1E53-4510-BF27-E3AA0D355F2E}.AppStore|iPhone.Build.0 = Debug|Any CPU
		{62F3258C-1E53-4510-BF27-E3AA0D355F2E}.Debug|Any CPU.ActiveCfg = Debug|Any CPU
		{62F3258C-1E53-4510-BF27-E3AA0D355F2E}.Debug|Any CPU.Build.0 = Debug|Any CPU
		{62F3258C-1E53-4510-BF27-E3AA0D355F2E}.Debug|ARM.ActiveCfg = Debug|Any CPU
		{62F3258C-1E53-4510-BF27-E3AA0D355F2E}.Debug|ARM.Build.0 = Debug|Any CPU
		{62F3258C-1E53-4510-BF27-E3AA0D355F2E}.Debug|iPhone.ActiveCfg = Debug|Any CPU
		{62F3258C-1E53-4510-BF27-E3AA0D355F2E}.Debug|iPhoneSimulator.ActiveCfg = Debug|Any CPU
		{62F3258C-1E53-4510-BF27-E3AA0D355F2E}.Debug|Mixed Platforms.ActiveCfg = Debug|Any CPU
		{62F3258C-1E53-4510-BF27-E3AA0D355F2E}.Debug|Mixed Platforms.Build.0 = Debug|Any CPU
		{62F3258C-1E53-4510-BF27-E3AA0D355F2E}.Debug|x86.ActiveCfg = Debug|Any CPU
		{62F3258C-1E53-4510-BF27-E3AA0D355F2E}.Release|Any CPU.ActiveCfg = Release|Any CPU
		{62F3258C-1E53-4510-BF27-E3AA0D355F2E}.Release|Any CPU.Build.0 = Release|Any CPU
		{62F3258C-1E53-4510-BF27-E3AA0D355F2E}.Release|ARM.ActiveCfg = Release|Any CPU
		{62F3258C-1E53-4510-BF27-E3AA0D355F2E}.Release|iPhone.ActiveCfg = Release|Any CPU
		{62F3258C-1E53-4510-BF27-E3AA0D355F2E}.Release|iPhoneSimulator.ActiveCfg = Release|Any CPU
		{62F3258C-1E53-4510-BF27-E3AA0D355F2E}.Release|Mixed Platforms.ActiveCfg = Release|Any CPU
		{62F3258C-1E53-4510-BF27-E3AA0D355F2E}.Release|Mixed Platforms.Build.0 = Release|Any CPU
		{62F3258C-1E53-4510-BF27-E3AA0D355F2E}.Release|x86.ActiveCfg = Release|Any CPU
		{8B2B460C-7F28-43C7-A017-A9C17A47FFDC}.Ad-Hoc|iPhone.ActiveCfg = Debug|Any CPU
		{8B2B460C-7F28-43C7-A017-A9C17A47FFDC}.Ad-Hoc|iPhone.Build.0 = Debug|Any CPU
		{8B2B460C-7F28-43C7-A017-A9C17A47FFDC}.AppStore|iPhone.ActiveCfg = Debug|Any CPU
		{8B2B460C-7F28-43C7-A017-A9C17A47FFDC}.AppStore|iPhone.Build.0 = Debug|Any CPU
		{8B2B460C-7F28-43C7-A017-A9C17A47FFDC}.Debug|Any CPU.ActiveCfg = Debug|Any CPU
		{8B2B460C-7F28-43C7-A017-A9C17A47FFDC}.Debug|Any CPU.Build.0 = Debug|Any CPU
		{8B2B460C-7F28-43C7-A017-A9C17A47FFDC}.Debug|ARM.ActiveCfg = Debug|Any CPU
		{8B2B460C-7F28-43C7-A017-A9C17A47FFDC}.Debug|ARM.Build.0 = Debug|Any CPU
		{8B2B460C-7F28-43C7-A017-A9C17A47FFDC}.Debug|iPhone.ActiveCfg = Debug|Any CPU
		{8B2B460C-7F28-43C7-A017-A9C17A47FFDC}.Debug|iPhone.Build.0 = Debug|Any CPU
		{8B2B460C-7F28-43C7-A017-A9C17A47FFDC}.Debug|iPhoneSimulator.ActiveCfg = Debug|Any CPU
		{8B2B460C-7F28-43C7-A017-A9C17A47FFDC}.Debug|iPhoneSimulator.Build.0 = Debug|Any CPU
		{8B2B460C-7F28-43C7-A017-A9C17A47FFDC}.Debug|Mixed Platforms.ActiveCfg = Debug|Any CPU
		{8B2B460C-7F28-43C7-A017-A9C17A47FFDC}.Debug|Mixed Platforms.Build.0 = Debug|Any CPU
		{8B2B460C-7F28-43C7-A017-A9C17A47FFDC}.Debug|x86.ActiveCfg = Debug|Any CPU
		{8B2B460C-7F28-43C7-A017-A9C17A47FFDC}.Release|Any CPU.ActiveCfg = Release|Any CPU
		{8B2B460C-7F28-43C7-A017-A9C17A47FFDC}.Release|Any CPU.Build.0 = Release|Any CPU
		{8B2B460C-7F28-43C7-A017-A9C17A47FFDC}.Release|ARM.ActiveCfg = Release|Any CPU
		{8B2B460C-7F28-43C7-A017-A9C17A47FFDC}.Release|iPhone.ActiveCfg = Release|Any CPU
		{8B2B460C-7F28-43C7-A017-A9C17A47FFDC}.Release|iPhone.Build.0 = Release|Any CPU
		{8B2B460C-7F28-43C7-A017-A9C17A47FFDC}.Release|iPhoneSimulator.ActiveCfg = Release|Any CPU
		{8B2B460C-7F28-43C7-A017-A9C17A47FFDC}.Release|iPhoneSimulator.Build.0 = Release|Any CPU
		{8B2B460C-7F28-43C7-A017-A9C17A47FFDC}.Release|Mixed Platforms.ActiveCfg = Release|Any CPU
		{8B2B460C-7F28-43C7-A017-A9C17A47FFDC}.Release|Mixed Platforms.Build.0 = Release|Any CPU
		{8B2B460C-7F28-43C7-A017-A9C17A47FFDC}.Release|x86.ActiveCfg = Release|Any CPU
		{9F0CEBBB-FD18-47DB-95EE-D87A5689F2D8}.Ad-Hoc|iPhone.ActiveCfg = Debug|Any CPU
		{9F0CEBBB-FD18-47DB-95EE-D87A5689F2D8}.Ad-Hoc|iPhone.Build.0 = Debug|Any CPU
		{9F0CEBBB-FD18-47DB-95EE-D87A5689F2D8}.AppStore|iPhone.ActiveCfg = Debug|Any CPU
		{9F0CEBBB-FD18-47DB-95EE-D87A5689F2D8}.AppStore|iPhone.Build.0 = Debug|Any CPU
		{9F0CEBBB-FD18-47DB-95EE-D87A5689F2D8}.Debug|Any CPU.ActiveCfg = Debug|Any CPU
		{9F0CEBBB-FD18-47DB-95EE-D87A5689F2D8}.Debug|Any CPU.Build.0 = Debug|Any CPU
		{9F0CEBBB-FD18-47DB-95EE-D87A5689F2D8}.Debug|ARM.ActiveCfg = Debug|Any CPU
		{9F0CEBBB-FD18-47DB-95EE-D87A5689F2D8}.Debug|ARM.Build.0 = Debug|Any CPU
		{9F0CEBBB-FD18-47DB-95EE-D87A5689F2D8}.Debug|iPhone.ActiveCfg = Debug|Any CPU
		{9F0CEBBB-FD18-47DB-95EE-D87A5689F2D8}.Debug|iPhone.Build.0 = Debug|Any CPU
		{9F0CEBBB-FD18-47DB-95EE-D87A5689F2D8}.Debug|iPhoneSimulator.ActiveCfg = Debug|Any CPU
		{9F0CEBBB-FD18-47DB-95EE-D87A5689F2D8}.Debug|iPhoneSimulator.Build.0 = Debug|Any CPU
		{9F0CEBBB-FD18-47DB-95EE-D87A5689F2D8}.Debug|Mixed Platforms.ActiveCfg = Debug|Any CPU
		{9F0CEBBB-FD18-47DB-95EE-D87A5689F2D8}.Debug|Mixed Platforms.Build.0 = Debug|Any CPU
		{9F0CEBBB-FD18-47DB-95EE-D87A5689F2D8}.Debug|x86.ActiveCfg = Debug|Any CPU
		{9F0CEBBB-FD18-47DB-95EE-D87A5689F2D8}.Release|Any CPU.ActiveCfg = Release|Any CPU
		{9F0CEBBB-FD18-47DB-95EE-D87A5689F2D8}.Release|Any CPU.Build.0 = Release|Any CPU
		{9F0CEBBB-FD18-47DB-95EE-D87A5689F2D8}.Release|ARM.ActiveCfg = Release|Any CPU
		{9F0CEBBB-FD18-47DB-95EE-D87A5689F2D8}.Release|iPhone.ActiveCfg = Release|Any CPU
		{9F0CEBBB-FD18-47DB-95EE-D87A5689F2D8}.Release|iPhone.Build.0 = Release|Any CPU
		{9F0CEBBB-FD18-47DB-95EE-D87A5689F2D8}.Release|iPhoneSimulator.ActiveCfg = Release|Any CPU
		{9F0CEBBB-FD18-47DB-95EE-D87A5689F2D8}.Release|iPhoneSimulator.Build.0 = Release|Any CPU
		{9F0CEBBB-FD18-47DB-95EE-D87A5689F2D8}.Release|Mixed Platforms.ActiveCfg = Release|Any CPU
		{9F0CEBBB-FD18-47DB-95EE-D87A5689F2D8}.Release|Mixed Platforms.Build.0 = Release|Any CPU
		{9F0CEBBB-FD18-47DB-95EE-D87A5689F2D8}.Release|x86.ActiveCfg = Release|Any CPU
	EndGlobalSection
	GlobalSection(NestedProjects) = preSolution
		{E5D6699C-D0E2-4D0C-86F5-AD0CD995FF9D} = {68BE70A5-FFAE-4CE0-9318-CC87F4121119}
		{5C39F976-E622-4062-8DC4-2D7760D461DF} = {68BE70A5-FFAE-4CE0-9318-CC87F4121119}
	EndGlobalSection
	GlobalSection(SolutionProperties) = preSolution
		HideSolutionNode = FALSE
	EndGlobalSection
EndGlobal
